
Microsoft Visual Studio Solution File, Format Version 12.00
# Visual Studio 14
VisualStudioVersion = 14.0.24720.0
MinimumVisualStudioVersion = 10.0.40219.1
Project("{FAE04EC0-301F-11D3-BF4B-00C04F79EFBC}") = "CSharpBites", "CSharpBites.csproj", "{15E662E2-02CC-448C-8D5C-E1E5DB271965}"
EndProject
Global
	GlobalSection(SolutionConfigurationPlatforms) = preSolution
		Debug|Any CPU = Debug|Any CPU
		Release|Any CPU = Release|Any CPU
	EndGlobalSection
	GlobalSection(ProjectConfigurationPlatforms) = postSolution
		{15E662E2-02CC-448C-8D5C-E1E5DB271965}.Debug|Any CPU.ActiveCfg = Debug|Any CPU
		{15E662E2-02CC-448C-8D5C-E1E5DB271965}.Debug|Any CPU.Build.0 = Debug|Any CPU
		{15E662E2-02CC-448C-8D5C-E1E5DB271965}.Release|Any CPU.ActiveCfg = Release|Any CPU
		{15E662E2-02CC-448C-8D5C-E1E5DB271965}.Release|Any CPU.Build.0 = Release|Any CPU
	EndGlobalSection
	GlobalSection(SolutionProperties) = preSolution
		HideSolutionNode = FALSE
	EndGlobalSection
EndGlobal
